hash: 911552201d5bba518572ce338edf42c1342637b133b36dfd37acb4197692fd41
updated: 2017-01-03T11:53:15.254747436Z
imports:
- name: github.com/aws/aws-sdk-go
  version: 6c577e9e7b08a6d10bad1c9703227cd0403a8dd7
  subpackages:
  - aws
  - aws/awserr
  - aws/awsutil
  - aws/client
  - aws/client/metadata
  - aws/corehandlers
  - aws/credentials
  - aws/credentials/ec2rolecreds
  - aws/credentials/endpointcreds
  - aws/credentials/stscreds
  - aws/defaults
  - aws/ec2metadata
  - aws/request
  - aws/session
  - aws/signer/v4
  - private/endpoints
  - private/protocol
  - private/protocol/ec2query
  - private/protocol/query
  - private/protocol/query/queryutil
  - private/protocol/rest
  - private/protocol/xml/xmlutil
  - private/waiter
  - service/ec2
  - service/sts
- name: github.com/go-ini/ini
  version: 2e44421e256d82ebbf3d4d4fcabe8930b905eff3
- name: github.com/jmespath/go-jmespath
  version: 3433f3ea46d9f8019119e7dd41274e112a2359a9
testImports: []
